
Microsoft Visual Studio Solution File, Format Version 12.00
# Visual Studio 15
Project("{FAE04EC0-301F-11D3-BF4B-00C04F79EFBC}") = "Assembly-CSharp", "Assembly-CSharp.csproj", "{A577B16E-7B25-AA2A-C67A-8DFA4CE71FBC}"
EndProject
Project("{FAE04EC0-301F-11D3-BF4B-00C04F79EFBC}") = "Assembly-CSharp-firstpass", "Assembly-CSharp-firstpass.csproj", "{08C4B98E-66FF-151F-06A0-76FB53EE4BE4}"
EndProject
Project("{FAE04EC0-301F-11D3-BF4B-00C04F79EFBC}") = "Assembly-CSharp-Editor", "Assembly-CSharp-Editor.csproj", "{F41887BE-F66B-803A-3161-AA6FF0B60A97}"
EndProject
Global
	GlobalSection(SolutionConfigurationPlatforms) = preSolution
		Debug|Any CPU = Debug|Any CPU
		Release|Any CPU = Release|Any CPU
	EndGlobalSection
	GlobalSection(ProjectConfigurationPlatforms) = postSolution
		{A577B16E-7B25-AA2A-C67A-8DFA4CE71FBC}.Debug|Any CPU.ActiveCfg = Debug|Any CPU
		{A577B16E-7B25-AA2A-C67A-8DFA4CE71FBC}.Debug|Any CPU.Build.0 = Debug|Any CPU
		{A577B16E-7B25-AA2A-C67A-8DFA4CE71FBC}.Release|Any CPU.ActiveCfg = Release|Any CPU
		{A577B16E-7B25-AA2A-C67A-8DFA4CE71FBC}.Release|Any CPU.Build.0 = Release|Any CPU
		{08C4B98E-66FF-151F-06A0-76FB53EE4BE4}.Debug|Any CPU.ActiveCfg = Debug|Any CPU
		{08C4B98E-66FF-151F-06A0-76FB53EE4BE4}.Debug|Any CPU.Build.0 = Debug|Any CPU
		{08C4B98E-66FF-151F-06A0-76FB53EE4BE4}.Release|Any CPU.ActiveCfg = Release|Any CPU
		{08C4B98E-66FF-151F-06A0-76FB53EE4BE4}.Release|Any CPU.Build.0 = Release|Any CPU
		{F41887BE-F66B-803A-3161-AA6FF0B60A97}.Debug|Any CPU.ActiveCfg = Debug|Any CPU
		{F41887BE-F66B-803A-3161-AA6FF0B60A97}.Debug|Any CPU.Build.0 = Debug|Any CPU
		{F41887BE-F66B-803A-3161-AA6FF0B60A97}.Release|Any CPU.ActiveCfg = Release|Any CPU
		{F41887BE-F66B-803A-3161-AA6FF0B60A97}.Release|Any CPU.Build.0 = Release|Any CPU
	EndGlobalSection
	GlobalSection(SolutionProperties) = preSolution
		HideSolutionNode = FALSE
	EndGlobalSection
EndGlobal
